{
  "name": "miniprogram_lease",
  "version": "1.0.0",
  "lockfileVersion": 1,
  "requires": true,
  "dependencies": {
    "jsbn": {
      "version": "1.1.0",
      "resolved": "https://registry.npmjs.org/jsbn/-/jsbn-1.1.0.tgz",
      "integrity": "sha1-sBMHyym2GKHtJux56RH4A8TaAEA="
    },
    "miniprogram-sm-crypto": {
      "version": "0.0.6",
      "resolved": "https://registry.npmjs.org/miniprogram-sm-crypto/-/miniprogram-sm-crypto-0.0.6.tgz",
      "integrity": "sha512-TqCSNzO2gi8uEPO+AECn00hlpPeRY9LeEJr0Ouxd/f8D0SnI6o36imVIQ2QmU4K1fvGmzyKfhLrVfNIwcTg6HQ==",
      "requires": {
        "jsbn": "^1.1.0"
      }
    },
    "weui-miniprogram": {
      "version": "0.1.10",
      "resolved": "https://registry.npmjs.org/weui-miniprogram/-/weui-miniprogram-0.1.10.tgz",
      "integrity": "sha512-QLtqS8WoLhg6/oXeqc6j/ZJ2MaFx7bU7l0K3/UTrjzc68upPLdehgpfeOZHXkG7QLZPvVRTodzkQmp8BLwWazg=="
    }
  }
}
